
Microsoft Visual Studio Solution File, Format Version 12.00
# Visual Studio Version 17
VisualStudioVersion = 17.5.33516.290
MinimumVisualStudioVersion = 10.0.40219.1
Project("{FAE04EC0-301F-11D3-BF4B-00C04F79EFBC}") = "EBP.WebUI", "EBP.WebUI\EBP.WebUI.csproj", "{7F049F31-B6C1-4ACD-92EC-DE982E087926}"
EndProject
Project("{FAE04EC0-301F-11D3-BF4B-00C04F79EFBC}") = "EBP.Core", "EBP.Core\EBP.Core.csproj", "{EF0068CF-8E11-442C-9153-16C424A64FC3}"
EndProject
Project("{FAE04EC0-301F-11D3-BF4B-00C04F79EFBC}") = "EBP.Model", "EBP.Model\EBP.Model.csproj", "{1C00E8E6-4178-4108-A17D-78261FF01AE5}"
EndProject
Project("{FAE04EC0-301F-11D3-BF4B-00C04F79EFBC}") = "EBP.Service", "EBP.Service\EBP.Service.csproj", "{D9C5EA1F-B662-4437-B1BF-529FBEB1C5E3}"
EndProject
Global
	GlobalSection(SolutionConfigurationPlatforms) = preSolution
		Debug|Any CPU = Debug|Any CPU
		Release|Any CPU = Release|Any CPU
	EndGlobalSection
	GlobalSection(ProjectConfigurationPlatforms) = postSolution
		{7F049F31-B6C1-4ACD-92EC-DE982E087926}.Debug|Any CPU.ActiveCfg = Debug|Any CPU
		{7F049F31-B6C1-4ACD-92EC-DE982E087926}.Debug|Any CPU.Build.0 = Debug|Any CPU
		{7F049F31-B6C1-4ACD-92EC-DE982E087926}.Release|Any CPU.ActiveCfg = Release|Any CPU
		{7F049F31-B6C1-4ACD-92EC-DE982E087926}.Release|Any CPU.Build.0 = Release|Any CPU
		{EF0068CF-8E11-442C-9153-16C424A64FC3}.Debug|Any CPU.ActiveCfg = Debug|Any CPU
		{EF0068CF-8E11-442C-9153-16C424A64FC3}.Debug|Any CPU.Build.0 = Debug|Any CPU
		{EF0068CF-8E11-442C-9153-16C424A64FC3}.Release|Any CPU.ActiveCfg = Release|Any CPU
		{EF0068CF-8E11-442C-9153-16C424A64FC3}.Release|Any CPU.Build.0 = Release|Any CPU
		{1C00E8E6-4178-4108-A17D-78261FF01AE5}.Debug|Any CPU.ActiveCfg = Debug|Any CPU
		{1C00E8E6-4178-4108-A17D-78261FF01AE5}.Debug|Any CPU.Build.0 = Debug|Any CPU
		{1C00E8E6-4178-4108-A17D-78261FF01AE5}.Release|Any CPU.ActiveCfg = Release|Any CPU
		{1C00E8E6-4178-4108-A17D-78261FF01AE5}.Release|Any CPU.Build.0 = Release|Any CPU
		{D9C5EA1F-B662-4437-B1BF-529FBEB1C5E3}.Debug|Any CPU.ActiveCfg = Debug|Any CPU
		{D9C5EA1F-B662-4437-B1BF-529FBEB1C5E3}.Debug|Any CPU.Build.0 = Debug|Any CPU
		{D9C5EA1F-B662-4437-B1BF-529FBEB1C5E3}.Release|Any CPU.ActiveCfg = Release|Any CPU
		{D9C5EA1F-B662-4437-B1BF-529FBEB1C5E3}.Release|Any CPU.Build.0 = Release|Any CPU
	EndGlobalSection
	GlobalSection(SolutionProperties) = preSolution
		HideSolutionNode = FALSE
	EndGlobalSection
	GlobalSection(ExtensibilityGlobals) = postSolution
		SolutionGuid = {D4BC7FE4-5D74-4700-8377-343215BF8EFA}
	EndGlobalSection
EndGlobal
